
Microsoft Visual Studio Solution File, Format Version 12.00
# Visual Studio Version 16
VisualStudioVersion = 16.0.31424.327
MinimumVisualStudioVersion = 10.0.40219.1
Project("{FAE04EC0-301F-11D3-BF4B-00C04F79EFBC}") = "invoice_back", "invoice_back\invoice_back.csproj", "{080D39F8-1C64-43F1-861B-1A87291B3342}"
EndProject
Global
	GlobalSection(SolutionConfigurationPlatforms) = preSolution
		Debug|Any CPU = Debug|Any CPU
		Release|Any CPU = Release|Any CPU
	EndGlobalSection
	GlobalSection(ProjectConfigurationPlatforms) = postSolution
		{080D39F8-1C64-43F1-861B-1A87291B3342}.Debug|Any CPU.ActiveCfg = Debug|Any CPU
		{080D39F8-1C64-43F1-861B-1A87291B3342}.Debug|Any CPU.Build.0 = Debug|Any CPU
		{080D39F8-1C64-43F1-861B-1A87291B3342}.Release|Any CPU.ActiveCfg = Release|Any CPU
		{080D39F8-1C64-43F1-861B-1A87291B3342}.Release|Any CPU.Build.0 = Release|Any CPU
	EndGlobalSection
	GlobalSection(SolutionProperties) = preSolution
		HideSolutionNode = FALSE
	EndGlobalSection
	GlobalSection(ExtensibilityGlobals) = postSolution
		SolutionGuid = {304F99C8-A67A-48F5-872E-E0510B83BEC4}
	EndGlobalSection
EndGlobal
